
Microsoft Visual Studio Solution File, Format Version 12.00
# Visual Studio Version 17
VisualStudioVersion = 17.9.34714.143
MinimumVisualStudioVersion = 10.0.40219.1
Project("{9A19103F-16F7-4668-BE54-9A1E7A4F7556}") = "Salary Management", "Salary Management.csproj", "{348F8B39-F3B5-40D3-8B59-D5E3DC35FBC0}"
EndProject
Project("{54435603-DBB4-11D2-8724-00A0C9A8B90C}") = "Setup2", "..\Setup2\Setup2.vdproj", "{744D77E0-703B-47B9-9DAB-BE633056957F}"
EndProject
Global
	GlobalSection(SolutionConfigurationPlatforms) = preSolution
		Debug|Any CPU = Debug|Any CPU
		Release|Any CPU = Release|Any CPU
	EndGlobalSection
	GlobalSection(ProjectConfigurationPlatforms) = postSolution
		{348F8B39-F3B5-40D3-8B59-D5E3DC35FBC0}.Debug|Any CPU.ActiveCfg = Debug|Any CPU
		{348F8B39-F3B5-40D3-8B59-D5E3DC35FBC0}.Debug|Any CPU.Build.0 = Debug|Any CPU
		{348F8B39-F3B5-40D3-8B59-D5E3DC35FBC0}.Release|Any CPU.ActiveCfg = Release|Any CPU
		{348F8B39-F3B5-40D3-8B59-D5E3DC35FBC0}.Release|Any CPU.Build.0 = Release|Any CPU
		{744D77E0-703B-47B9-9DAB-BE633056957F}.Debug|Any CPU.ActiveCfg = Debug
		{744D77E0-703B-47B9-9DAB-BE633056957F}.Release|Any CPU.ActiveCfg = Release
	EndGlobalSection
	GlobalSection(SolutionProperties) = preSolution
		HideSolutionNode = FALSE
	EndGlobalSection
	GlobalSection(ExtensibilityGlobals) = postSolution
		SolutionGuid = {DB2398FD-511E-4735-83A1-45EC5C5F207F}
	EndGlobalSection
EndGlobal
